// !$*UTF8*$!
{
	archiveVersion = 1;
	classes = {
	};
	objectVersion = 46;
	objects = {

/* Begin PBXBuildFile section */
		0A3854C419F4A0449E538469 /* libPods-Subtle Subtitles.a in Frameworks */ = {isa = PBXBuildFile; fileRef = 472AB0DBD51DD56D6A17E171 /* libPods-Subtle Subtitles.a */; };
		640C57F51CEB2D9100845807 /* KBTableView.swift in Sources */ = {isa = PBXBuildFile; fileRef = 640C57F31CEB2D9100845807 /* KBTableView.swift */; };
		640C57F61CEB2D9100845807 /* UITableView+RowConvenience.swift in Sources */ = {isa = PBXBuildFile; fileRef = 640C57F41CEB2D9100845807 /* UITableView+RowConvenience.swift */; };
		64167DBE1CED371A0046B60D /* Localizable.strings in Resources */ = {isa = PBXBuildFile; fileRef = 64167DC01CED371A0046B60D /* Localizable.strings */; };
		6438598A1CA727CD00BE70FF /* main.m in Sources */ = {isa = PBXBuildFile; fileRef = 643859891CA727CD00BE70FF /* main.m */; };
		6438598D1CA727CD00BE70FF /* AppDelegate.m in Sources */ = {isa = PBXBuildFile; fileRef = 6438598C1CA727CD00BE70FF /* AppDelegate.m */; };
		643859931CA727CD00BE70FF /* Main.storyboard in Resources */ = {isa = PBXBuildFile; fileRef = 643859911CA727CD00BE70FF /* Main.storyboard */; };
		643859951CA727CD00BE70FF /* Assets.xcassets in Resources */ = {isa = PBXBuildFile; fileRef = 643859941CA727CD00BE70FF /* Assets.xcassets */; };
		643859981CA727CD00BE70FF /* LaunchScreen.storyboard in Resources */ = {isa = PBXBuildFile; fileRef = 643859961CA727CD00BE70FF /* LaunchScreen.storyboard */; };
		643859A31CA727CD00BE70FF /* Subtle_SubtitlesTests.m in Sources */ = {isa = PBXBuildFile; fileRef = 643859A21CA727CD00BE70FF /* Subtle_SubtitlesTests.m */; };
		643859AE1CA727CD00BE70FF /* Subtle_SubtitlesUITests.m in Sources */ = {isa = PBXBuildFile; fileRef = 643859AD1CA727CD00BE70FF /* Subtle_SubtitlesUITests.m */; };
		644328D41DE9A68A0089BC71 /* Colors.plist in Resources */ = {isa = PBXBuildFile; fileRef = 644328D31DE9A68A0089BC71 /* Colors.plist */; };
		6446B18B1CFDF21E00EA2D7F /* SuggestionsTable.swift in Sources */ = {isa = PBXBuildFile; fileRef = 6446B18A1CFDF21E00EA2D7F /* SuggestionsTable.swift */; };
		64725A591CFDC7740057AC4A /* SearchTableCell.swift in Sources */ = {isa = PBXBuildFile; fileRef = 64725A581CFDC7740057AC4A /* SearchTableCell.swift */; };
		649867031CF0748E00600DAE /* OROpenSubtitleDownloader.m in Sources */ = {isa = PBXBuildFile; fileRef = 649867021CF0748E00600DAE /* OROpenSubtitleDownloader.m */; };
		649867051CF075B100600DAE /* libz.tbd in Frameworks */ = {isa = PBXBuildFile; fileRef = 649867041CF075B100600DAE /* libz.tbd */; };
		649867081CF0BFC500600DAE /* Localizable.stringsdict in Resources */ = {isa = PBXBuildFile; fileRef = 6498670A1CF0BFC500600DAE /* Localizable.stringsdict */; };
		64B9A0301D16F8BD00C6ABBE /* FontSettings.swift in Sources */ = {isa = PBXBuildFile; fileRef = 64B9A02F1D16F8BD00C6ABBE /* FontSettings.swift */; };
		64D178D71DE758700068C33E /* Utils.swift in Sources */ = {isa = PBXBuildFile; fileRef = 64D178D61DE758700068C33E /* Utils.swift */; };
		64D8FBD71CA735F00082ADA8 /* SearchTable.m in Sources */ = {isa = PBXBuildFile; fileRef = 64D8FBD61CA735F00082ADA8 /* SearchTable.m */; };
		64D8FBDA1CA74BBC0082ADA8 /* SubViewController.m in Sources */ = {isa = PBXBuildFile; fileRef = 64D8FBD91CA74BBC0082ADA8 /* SubViewController.m */; };
		64D8FBDD1CA7797C0082ADA8 /* Settings.m in Sources */ = {isa = PBXBuildFile; fileRef = 64D8FBDC1CA7797C0082ADA8 /* Settings.m */; };
		64D8FBE01CA77B790082ADA8 /* Data.m in Sources */ = {isa = PBXBuildFile; fileRef = 64D8FBDF1CA77B790082ADA8 /* Data.m */; };
		64E5A44B1DE8AAD3008B1786 /* FontList.swift in Sources */ = {isa = PBXBuildFile; fileRef = 64E5A44A1DE8AAD3008B1786 /* FontList.swift */; };
		64E5A44D1DE8BD73008B1786 /* FontSizeCell.swift in Sources */ = {isa = PBXBuildFile; fileRef = 64E5A44C1DE8BD73008B1786 /* FontSizeCell.swift */; };
		64E5A4521DE97E68008B1786 /* FontColorCell.swift in Sources */ = {isa = PBXBuildFile; fileRef = 64E5A4511DE97E68008B1786 /* FontColorCell.swift */; };
		64E5A4561DE986EA008B1786 /* ColorList.swift in Sources */ = {isa = PBXBuildFile; fileRef = 64E5A4551DE986EA008B1786 /* ColorList.swift */; };
		64E5A4581DE98B8C008B1786 /* ColorCollection.swift in Sources */ = {isa = PBXBuildFile; fileRef = 64E5A4571DE98B8C008B1786 /* ColorCollection.swift */; };
		64F880081D0C4B73004E1B1E /* LanguagesTable.swift in Sources */ = {isa = PBXBuildFile; fileRef = 64F880071D0C4B73004E1B1E /* LanguagesTable.swift */; };
/* End PBXBuildFile section */

/* Begin PBXContainerItemProxy section */
		6438599F1CA727CD00BE70FF /* PBXContainerItemProxy */ = {
			isa = PBXContainerItemProxy;
			containerPortal = 6438597D1CA727CD00BE70FF /* Project object */;
			proxyType = 1;
			remoteGlobalIDString = 643859841CA727CD00BE70FF;
			remoteInfo = "Subtle Subtitles";
		};
		643859AA1CA727CD00BE70FF /* PBXContainerItemProxy */ = {
			isa = PBXContainerItemProxy;
			containerPortal = 6438597D1CA727CD00BE70FF /* Project object */;
			proxyType = 1;
			remoteGlobalIDString = 643859841CA727CD00BE70FF;
			remoteInfo = "Subtle Subtitles";
		};
/* End PBXContainerItemProxy section */

/* Begin PBXFileReference section */
		14A21A5223DC81250582489D /* Pods-Subtle Subtitles.release.xcconfig */ = {isa = PBXFileReference; includeInIndex = 1; lastKnownFileType = text.xcconfig; name = "Pods-Subtle Subtitles.release.xcconfig"; path = "Pods/Target Support Files/Pods-Subtle Subtitles/Pods-Subtle Subtitles.release.xcconfig"; sourceTree = "<group>"; };
		472AB0DBD51DD56D6A17E171 /* libPods-Subtle Subtitles.a */ = {isa = PBXFileReference; explicitFileType = archive.ar; includeInIndex = 0; path = "libPods-Subtle Subtitles.a"; sourceTree = BUILT_PRODUCTS_DIR; };
		640C57F21CEB2D9000845807 /* Subtle Subtitles-Bridging-Header.h */ = {isa = PBXFileReference; lastKnownFileType = sourcecode.c.h; path = "Subtle Subtitles-Bridging-Header.h"; sourceTree = "<group>"; };
		640C57F31CEB2D9100845807 /* KBTableView.swift */ = {isa = PBXFileReference; fileEncoding = 4; lastKnownFileType = sourcecode.swift; path = KBTableView.swift; sourceTree = "<group>"; };
		640C57F41CEB2D9100845807 /* UITableView+RowConvenience.swift */ = {isa = PBXFileReference; fileEncoding = 4; lastKnownFileType = sourcecode.swift; path = "UITableView+RowConvenience.swift"; sourceTree = "<group>"; };
		64167DBA1CED30AF0046B60D /* fr */ = {isa = PBXFileReference; lastKnownFileType = text.plist.strings; name = fr; path = fr.lproj/Main.strings; sourceTree = "<group>"; };
		64167DBB1CED30AF0046B60D /* fr */ = {isa = PBXFileReference; lastKnownFileType = text.plist.strings; name = fr; path = fr.lproj/LaunchScreen.strings; sourceTree = "<group>"; };
		64167DBF1CED371A0046B60D /* Base */ = {isa = PBXFileReference; lastKnownFileType = text.plist.strings; name = Base; path = Base.lproj/Localizable.strings; sourceTree = "<group>"; };
		64167DC11CED37330046B60D /* fr */ = {isa = PBXFileReference; lastKnownFileType = text.plist.strings; name = fr; path = fr.lproj/Localizable.strings; sourceTree = "<group>"; };
		643859851CA727CD00BE70FF /* Subtle Subtitles.app */ = {isa = PBXFileReference; explicitFileType = wrapper.application; includeInIndex = 0; path = "Subtle Subtitles.app"; sourceTree = BUILT_PRODUCTS_DIR; };
		643859891CA727CD00BE70FF /* main.m */ = {isa = PBXFileReference; lastKnownFileType = sourcecode.c.objc; path = main.m; sourceTree = "<group>"; };
		6438598B1CA727CD00BE70FF /* AppDelegate.h */ = {isa = PBXFileReference; lastKnownFileType = sourcecode.c.h; path = AppDelegate.h; sourceTree = "<group>"; };
		6438598C1CA727CD00BE70FF /* AppDelegate.m */ = {isa = PBXFileReference; lastKnownFileType = sourcecode.c.objc; path = AppDelegate.m; sourceTree = "<group>"; };
		643859921CA727CD00BE70FF /* Base */ = {isa = PBXFileReference; lastKnownFileType = file.storyboard; name = Base; path = Base.lproj/Main.storyboard; sourceTree = "<group>"; };
		643859941CA727CD00BE70FF /* Assets.xcassets */ = {isa = PBXFileReference; lastKnownFileType = folder.assetcatalog; path = Assets.xcassets; sourceTree = "<group>"; };
		643859971CA727CD00BE70FF /* Base */ = {isa = PBXFileReference; lastKnownFileType = file.storyboard; name = Base; path = Base.lproj/LaunchScreen.storyboard; sourceTree = "<group>"; };
		643859991CA727CD00BE70FF /* Info.plist */ = {isa = PBXFileReference; lastKnownFileType = text.plist.xml; path = Info.plist; sourceTree = "<group>"; };
		6438599E1CA727CD00BE70FF /* Subtle SubtitlesTests.xctest */ = {isa = PBXFileReference; explicitFileType = wrapper.cfbundle; includeInIndex = 0; path = "Subtle SubtitlesTests.xctest"; sourceTree = BUILT_PRODUCTS_DIR; };
		643859A21CA727CD00BE70FF /* Subtle_SubtitlesTests.m */ = {isa = PBXFileReference; lastKnownFileType = sourcecode.c.objc; path = Subtle_SubtitlesTests.m; sourceTree = "<group>"; };
		643859A41CA727CD00BE70FF /* Info.plist */ = {isa = PBXFileReference; lastKnownFileType = text.plist.xml; path = Info.plist; sourceTree = "<group>"; };
		643859A91CA727CD00BE70FF /* Subtle SubtitlesUITests.xctest */ = {isa = PBXFileReference; explicitFileType = wrapper.cfbundle; includeInIndex = 0; path = "Subtle SubtitlesUITests.xctest"; sourceTree = BUILT_PRODUCTS_DIR; };
		643859AD1CA727CD00BE70FF /* Subtle_SubtitlesUITests.m */ = {isa = PBXFileReference; lastKnownFileType = sourcecode.c.objc; path = Subtle_SubtitlesUITests.m; sourceTree = "<group>"; };
		643859AF1CA727CD00BE70FF /* Info.plist */ = {isa = PBXFileReference; lastKnownFileType = text.plist.xml; path = Info.plist; sourceTree = "<group>"; };
		644328D31DE9A68A0089BC71 /* Colors.plist */ = {isa = PBXFileReference; fileEncoding = 4; lastKnownFileType = text.plist.xml; path = Colors.plist; sourceTree = "<group>"; };
		6446B18A1CFDF21E00EA2D7F /* SuggestionsTable.swift */ = {isa = PBXFileReference; fileEncoding = 4; lastKnownFileType = sourcecode.swift; path = SuggestionsTable.swift; sourceTree = "<group>"; };
		64725A581CFDC7740057AC4A /* SearchTableCell.swift */ = {isa = PBXFileReference; fileEncoding = 4; lastKnownFileType = sourcecode.swift; path = SearchTableCell.swift; sourceTree = "<group>"; };
		649867011CF0748E00600DAE /* OROpenSubtitleDownloader.h */ = {isa = PBXFileReference; fileEncoding = 4; lastKnownFileType = sourcecode.c.h; path = OROpenSubtitleDownloader.h; sourceTree = "<group>"; };
		649867021CF0748E00600DAE /* OROpenSubtitleDownloader.m */ = {isa = PBXFileReference; fileEncoding = 4; lastKnownFileType = sourcecode.c.objc; path = OROpenSubtitleDownloader.m; sourceTree = "<group>"; };
		649867041CF075B100600DAE /* libz.tbd */ = {isa = PBXFileReference; lastKnownFileType = "sourcecode.text-based-dylib-definition"; name = libz.tbd; path = usr/lib/libz.tbd; sourceTree = SDKROOT; };
		649867091CF0BFC500600DAE /* Base */ = {isa = PBXFileReference; lastKnownFileType = text.plist.stringsdict; name = Base; path = Base.lproj/Localizable.stringsdict; sourceTree = "<group>"; };
		6498670C1CF0BFF400600DAE /* fr */ = {isa = PBXFileReference; lastKnownFileType = text.plist.stringsdict; name = fr; path = fr.lproj/Localizable.stringsdict; sourceTree = "<group>"; };
		64B9A02F1D16F8BD00C6ABBE /* FontSettings.swift */ = {isa = PBXFileReference; fileEncoding = 4; lastKnownFileType = sourcecode.swift; path = FontSettings.swift; sourceTree = "<group>"; };
		64D178D61DE758700068C33E /* Utils.swift */ = {isa = PBXFileReference; fileEncoding = 4; lastKnownFileType = sourcecode.swift; path = Utils.swift; sourceTree = "<group>"; };
		64D8FBD51CA735F00082ADA8 /* SearchTable.h */ = {isa = PBXFileReference; fileEncoding = 4; lastKnownFileType = sourcecode.c.h; path = SearchTable.h; sourceTree = "<group>"; };
		64D8FBD61CA735F00082ADA8 /* SearchTable.m */ = {isa = PBXFileReference; fileEncoding = 4; lastKnownFileType = sourcecode.c.objc; path = SearchTable.m; sourceTree = "<group>"; };
		64D8FBD81CA74BBC0082ADA8 /* SubViewController.h */ = {isa = PBXFileReference; fileEncoding = 4; lastKnownFileType = sourcecode.c.h; path = SubViewController.h; sourceTree = "<group>"; };
		64D8FBD91CA74BBC0082ADA8 /* SubViewController.m */ = {isa = PBXFileReference; fileEncoding = 4; lastKnownFileType = sourcecode.c.objc; path = SubViewController.m; sourceTree = "<group>"; };
		64D8FBDB1CA7797C0082ADA8 /* Settings.h */ = {isa = PBXFileReference; fileEncoding = 4; lastKnownFileType = sourcecode.c.h; path = Settings.h; sourceTree = "<group>"; };
		64D8FBDC1CA7797C0082ADA8 /* Settings.m */ = {isa = PBXFileReference; fileEncoding = 4; lastKnownFileType = sourcecode.c.objc; path = Settings.m; sourceTree = "<group>"; };
		64D8FBDE1CA77B790082ADA8 /* Data.h */ = {isa = PBXFileReference; fileEncoding = 4; lastKnownFileType = sourcecode.c.h; path = Data.h; sourceTree = "<group>"; };
		64D8FBDF1CA77B790082ADA8 /* Data.m */ = {isa = PBXFileReference; fileEncoding = 4; lastKnownFileType = sourcecode.c.objc; path = Data.m; sourceTree = "<group>"; };
		64E5A44A1DE8AAD3008B1786 /* FontList.swift */ = {isa = PBXFileReference; fileEncoding = 4; lastKnownFileType = sourcecode.swift; path = FontList.swift; sourceTree = "<group>"; };
		64E5A44C1DE8BD73008B1786 /* FontSizeCell.swift */ = {isa = PBXFileReference; fileEncoding = 4; lastKnownFileType = sourcecode.swift; path = FontSizeCell.swift; sourceTree = "<group>"; };
		64E5A4511DE97E68008B1786 /* FontColorCell.swift */ = {isa = PBXFileReference; fileEncoding = 4; lastKnownFileType = sourcecode.swift; path = FontColorCell.swift; sourceTree = "<group>"; };
		64E5A4551DE986EA008B1786 /* ColorList.swift */ = {isa = PBXFileReference; fileEncoding = 4; lastKnownFileType = sourcecode.swift; path = ColorList.swift; sourceTree = "<group>"; };
		64E5A4571DE98B8C008B1786 /* ColorCollection.swift */ = {isa = PBXFileReference; fileEncoding = 4; lastKnownFileType = sourcecode.swift; path = ColorCollection.swift; sourceTree = "<group>"; };
		64F880071D0C4B73004E1B1E /* LanguagesTable.swift */ = {isa = PBXFileReference; fileEncoding = 4; lastKnownFileType = sourcecode.swift; path = LanguagesTable.swift; sourceTree = "<group>"; };
		B79DB9A993CFABDFDEC83183 /* Pods-Subtle Subtitles.debug.xcconfig */ = {isa = PBXFileReference; includeInIndex = 1; lastKnownFileType = text.xcconfig; name = "Pods-Subtle Subtitles.debug.xcconfig"; path = "Pods/Target Support Files/Pods-Subtle Subtitles/Pods-Subtle Subtitles.debug.xcconfig"; sourceTree = "<group>"; };
/* End PBXFileReference section */

/* Begin PBXFrameworksBuildPhase section */
		643859821CA727CD00BE70FF /* Frameworks */ = {
			isa = PBXFrameworksBuildPhase;
			buildActionMask = 2147483647;
			files = (
				649867051CF075B100600DAE /* libz.tbd in Frameworks */,
				0A3854C419F4A0449E538469 /* libPods-Subtle Subtitles.a in Frameworks */,
			);
			runOnlyForDeploymentPostprocessing = 0;
		};
		6438599B1CA727CD00BE70FF /* Frameworks */ = {
			isa = PBXFrameworksBuildPhase;
			buildActionMask = 2147483647;
			files = (
			);
			runOnlyForDeploymentPostprocessing = 0;
		};
		643859A61CA727CD00BE70FF /* Frameworks */ = {
			isa = PBXFrameworksBuildPhase;
			buildActionMask = 2147483647;
			files = (
			);
			runOnlyForDeploymentPostprocessing = 0;
		};
/* End PBXFrameworksBuildPhase section */

/* Begin PBXGroup section */
		640C57F71CEB2D9600845807 /* KBTableView */ = {
			isa = PBXGroup;
			children = (
				640C57F31CEB2D9100845807 /* KBTableView.swift */,
				640C57F41CEB2D9100845807 /* UITableView+RowConvenience.swift */,
			);
			name = KBTableView;
			sourceTree = "<group>";
		};
		6438597C1CA727CD00BE70FF = {
			isa = PBXGroup;
			children = (
				643859871CA727CD00BE70FF /* Subtle Subtitles */,
				643859A11CA727CD00BE70FF /* Subtle SubtitlesTests */,
				643859AC1CA727CD00BE70FF /* Subtle SubtitlesUITests */,
				643859861CA727CD00BE70FF /* Products */,
				FCFDD0BCF0D71AA3819832B3 /* Frameworks */,
				C18FB67E10ED473C1FC2D5AA /* Pods */,
			);
			sourceTree = "<group>";
		};
		643859861CA727CD00BE70FF /* Products */ = {
			isa = PBXGroup;
			children = (
				643859851CA727CD00BE70FF /* Subtle Subtitles.app */,
				6438599E1CA727CD00BE70FF /* Subtle SubtitlesTests.xctest */,
				643859A91CA727CD00BE70FF /* Subtle SubtitlesUITests.xctest */,
			);
			name = Products;
			sourceTree = "<group>";
		};
		643859871CA727CD00BE70FF /* Subtle Subtitles */ = {
			isa = PBXGroup;
			children = (
				6438598B1CA727CD00BE70FF /* AppDelegate.h */,
				6438598C1CA727CD00BE70FF /* AppDelegate.m */,
				64D8FBDE1CA77B790082ADA8 /* Data.h */,
				64D8FBDF1CA77B790082ADA8 /* Data.m */,
				64D8FBD51CA735F00082ADA8 /* SearchTable.h */,
				64D8FBD61CA735F00082ADA8 /* SearchTable.m */,
				64725A581CFDC7740057AC4A /* SearchTableCell.swift */,
				6446B18A1CFDF21E00EA2D7F /* SuggestionsTable.swift */,
				64D8FBD81CA74BBC0082ADA8 /* SubViewController.h */,
				64D8FBD91CA74BBC0082ADA8 /* SubViewController.m */,
				64D8FBDB1CA7797C0082ADA8 /* Settings.h */,
				64D8FBDC1CA7797C0082ADA8 /* Settings.m */,
				64F880071D0C4B73004E1B1E /* LanguagesTable.swift */,
				64E5A44E1DE8BE40008B1786 /* Display Settings */,
				64D178D61DE758700068C33E /* Utils.swift */,
				643859911CA727CD00BE70FF /* Main.storyboard */,
				643859941CA727CD00BE70FF /* Assets.xcassets */,
				643859961CA727CD00BE70FF /* LaunchScreen.storyboard */,
				64167DC01CED371A0046B60D /* Localizable.strings */,
				6498670A1CF0BFC500600DAE /* Localizable.stringsdict */,
				643859991CA727CD00BE70FF /* Info.plist */,
				640C57F71CEB2D9600845807 /* KBTableView */,
				649867011CF0748E00600DAE /* OROpenSubtitleDownloader.h */,
				649867021CF0748E00600DAE /* OROpenSubtitleDownloader.m */,
				643859881CA727CD00BE70FF /* Supporting Files */,
				640C57F21CEB2D9000845807 /* Subtle Subtitles-Bridging-Header.h */,
			);
			path = "Subtle Subtitles";
			sourceTree = "<group>";
		};
		643859881CA727CD00BE70FF /* Supporting Files */ = {
			isa = PBXGroup;
			children = (
				643859891CA727CD00BE70FF /* main.m */,
			);
			name = "Supporting Files";
			sourceTree = "<group>";
		};
		643859A11CA727CD00BE70FF /* Subtle SubtitlesTests */ = {
			isa = PBXGroup;
			children = (
				643859A21CA727CD00BE70FF /* Subtle_SubtitlesTests.m */,
				643859A41CA727CD00BE70FF /* Info.plist */,
			);
			path = "Subtle SubtitlesTests";
			sourceTree = "<group>";
		};
		643859AC1CA727CD00BE70FF /* Subtle SubtitlesUITests */ = {
			isa = PBXGroup;
			children = (
				643859AD1CA727CD00BE70FF /* Subtle_SubtitlesUITests.m */,
				643859AF1CA727CD00BE70FF /* Info.plist */,
			);
			path = "Subtle SubtitlesUITests";
			sourceTree = "<group>";
		};
		64E5A44E1DE8BE40008B1786 /* Display Settings */ = {
			isa = PBXGroup;
			children = (
				64B9A02F1D16F8BD00C6ABBE /* FontSettings.swift */,
				64E5A44A1DE8AAD3008B1786 /* FontList.swift */,
				64E5A4551DE986EA008B1786 /* ColorList.swift */,
				64E5A4571DE98B8C008B1786 /* ColorCollection.swift */,
				644328D31DE9A68A0089BC71 /* Colors.plist */,
				64E5A44C1DE8BD73008B1786 /* FontSizeCell.swift */,
				64E5A4511DE97E68008B1786 /* FontColorCell.swift */,
			);
			name = "Display Settings";
			sourceTree = "<group>";
		};
		C18FB67E10ED473C1FC2D5AA /* Pods */ = {
			isa = PBXGroup;
			children = (
				B79DB9A993CFABDFDEC83183 /* Pods-Subtle Subtitles.debug.xcconfig */,
				14A21A5223DC81250582489D /* Pods-Subtle Subtitles.release.xcconfig */,
			);
			name = Pods;
			sourceTree = "<group>";
		};
		FCFDD0BCF0D71AA3819832B3 /* Frameworks */ = {
			isa = PBXGroup;
			children = (
				649867041CF075B100600DAE /* libz.tbd */,
				472AB0DBD51DD56D6A17E171 /* libPods-Subtle Subtitles.a */,
			);
			name = Frameworks;
			sourceTree = "<group>";
		};
/* End PBXGroup section */

/* Begin PBXNativeTarget section */
		643859841CA727CD00BE70FF /* Subtle Subtitles */ = {
			isa = PBXNativeTarget;
			buildConfigurationList = 643859B21CA727CD00BE70FF /* Build configuration list for PBXNativeTarget "Subtle Subtitles" */;
			buildPhases = (
				BB0FB9D1A13246E1034E2CF2 /* [CP] Check Pods Manifest.lock */,
				643859811CA727CD00BE70FF /* Sources */,
				643859821CA727CD00BE70FF /* Frameworks */,
				643859831CA727CD00BE70FF /* Resources */,
				2340F9E6F35C68100FE2038A /* [CP] Embed Pods Frameworks */,
				99FA3E3150E47E5317D52C77 /* [CP] Copy Pods Resources */,
			);
			buildRules = (
			);
			dependencies = (
			);
			name = "Subtle Subtitles";
			productName = "Subtle Subtitles";
			productReference = 643859851CA727CD00BE70FF /* Subtle Subtitles.app */;
			productType = "com.apple.product-type.application";
		};
		6438599D1CA727CD00BE70FF /* Subtle SubtitlesTests */ = {
			isa = PBXNativeTarget;
			buildConfigurationList = 643859B51CA727CD00BE70FF /* Build configuration list for PBXNativeTarget "Subtle SubtitlesTests" */;
			buildPhases = (
				6438599A1CA727CD00BE70FF /* Sources */,
				6438599B1CA727CD00BE70FF /* Frameworks */,
				6438599C1CA727CD00BE70FF /* Resources */,
			);
			buildRules = (
			);
			dependencies = (
				643859A01CA727CD00BE70FF /* PBXTargetDependency */,
			);
			name = "Subtle SubtitlesTests";
			productName = "Subtle SubtitlesTests";
			productReference = 6438599E1CA727CD00BE70FF /* Subtle SubtitlesTests.xctest */;
			productType = "com.apple.product-type.bundle.unit-test";
		};
		643859A81CA727CD00BE70FF /* Subtle SubtitlesUITests */ = {
			isa = PBXNativeTarget;
			buildConfigurationList = 643859B81CA727CD00BE70FF /* Build configuration list for PBXNativeTarget "Subtle SubtitlesUITests" */;
			buildPhases = (
				643859A51CA727CD00BE70FF /* Sources */,
				643859A61CA727CD00BE70FF /* Frameworks */,
				643859A71CA727CD00BE70FF /* Resources */,
			);
			buildRules = (
			);
			dependencies = (
				643859AB1CA727CD00BE70FF /* PBXTargetDependency */,
			);
			name = "Subtle SubtitlesUITests";
			productName = "Subtle SubtitlesUITests";
			productReference = 643859A91CA727CD00BE70FF /* Subtle SubtitlesUITests.xctest */;
			productType = "com.apple.product-type.bundle.ui-testing";
		};
/* End PBXNativeTarget section */

/* Begin PBXProject section */
		6438597D1CA727CD00BE70FF /* Project object */ = {
			isa = PBXProject;
			attributes = {
				LastUpgradeCheck = 0810;
				ORGANIZATIONNAME = Tomn;
				TargetAttributes = {
					643859841CA727CD00BE70FF = {
						CreatedOnToolsVersion = 7.3;
						DevelopmentTeam = 7HW87TV8LC;
						LastSwiftMigration = 0810;
					};
					6438599D1CA727CD00BE70FF = {
						CreatedOnToolsVersion = 7.3;
						TestTargetID = 643859841CA727CD00BE70FF;
					};
					643859A81CA727CD00BE70FF = {
						CreatedOnToolsVersion = 7.3;
						TestTargetID = 643859841CA727CD00BE70FF;
					};
				};
			};
			buildConfigurationList = 643859801CA727CD00BE70FF /* Build configuration list for PBXProject "Subtle Subtitles" */;
			compatibilityVersion = "Xcode 3.2";
			developmentRegion = English;
			hasScannedForEncodings = 0;
			knownRegions = (
				en,
				Base,
				fr,
			);
			mainGroup = 6438597C1CA727CD00BE70FF;
			productRefGroup = 643859861CA727CD00BE70FF /* Products */;
			projectDirPath = "";
			projectRoot = "";
			targets = (
				643859841CA727CD00BE70FF /* Subtle Subtitles */,
				6438599D1CA727CD00BE70FF /* Subtle SubtitlesTests */,
				643859A81CA727CD00BE70FF /* Subtle SubtitlesUITests */,
			);
		};
/* End PBXProject section */

/* Begin PBXResourcesBuildPhase section */
		643859831CA727CD00BE70FF /* Resources */ = {
			isa = PBXResourcesBuildPhase;
			buildActionMask = 2147483647;
			files = (
				644328D41DE9A68A0089BC71 /* Colors.plist in Resources */,
				643859981CA727CD00BE70FF /* LaunchScreen.storyboard in Resources */,
				64167DBE1CED371A0046B60D /* Localizable.strings in Resources */,
				643859951CA727CD00BE70FF /* Assets.xcassets in Resources */,
				643859931CA727CD00BE70FF /* Main.storyboard in Resources */,
				649867081CF0BFC500600DAE /* Localizable.stringsdict in Resources */,
			);
			runOnlyForDeploymentPostprocessing = 0;
		};
		6438599C1CA727CD00BE70FF /* Resources */ = {
			isa = PBXResourcesBuildPhase;
			buildActionMask = 2147483647;
			files = (
			);
			runOnlyForDeploymentPostprocessing = 0;
		};
		643859A71CA727CD00BE70FF /* Resources */ = {
			isa = PBXResourcesBuildPhase;
			buildActionMask = 2147483647;
			files = (
			);
			runOnlyForDeploymentPostprocessing = 0;
		};
/* End PBXResourcesBuildPhase section */

/* Begin PBXShellScriptBuildPhase section */
		2340F9E6F35C68100FE2038A /* [CP] Embed Pods Frameworks */ = {
			isa = PBXShellScriptBuildPhase;
			buildActionMask = 2147483647;
			files = (
			);
			inputPaths = (
			);
			name = "[CP] Embed Pods Frameworks";
			outputPaths = (
			);
			runOnlyForDeploymentPostprocessing = 0;
			shellPath = /bin/sh;
			shellScript = "\"${SRCROOT}/Pods/Target Support Files/Pods-Subtle Subtitles/Pods-Subtle Subtitles-frameworks.sh\"\n";
			showEnvVarsInLog = 0;
		};
		99FA3E3150E47E5317D52C77 /* [CP] Copy Pods Resources */ = {
			isa = PBXShellScriptBuildPhase;
			buildActionMask = 2147483647;
			files = (
			);
			inputPaths = (
			);
			name = "[CP] Copy Pods Resources";
			outputPaths = (
			);
			runOnlyForDeploymentPostprocessing = 0;
			shellPath = /bin/sh;
			shellScript = "\"${SRCROOT}/Pods/Target Support Files/Pods-Subtle Subtitles/Pods-Subtle Subtitles-resources.sh\"\n";
			showEnvVarsInLog = 0;
		};
		BB0FB9D1A13246E1034E2CF2 /* [CP] Check Pods Manifest.lock */ = {
			isa = PBXShellScriptBuildPhase;
			buildActionMask = 2147483647;
			files = (
			);
			inputPaths = (
			);
			name = "[CP] Check Pods Manifest.lock";
			outputPaths = (
			);
			runOnlyForDeploymentPostprocessing = 0;
			shellPath = /bin/sh;
			shellScript = "diff \"${PODS_ROOT}/../Podfile.lock\" \"${PODS_ROOT}/Manifest.lock\" > /dev/null\nif [[ $? != 0 ]] ; then\n    cat << EOM\nerror: The sandbox is not in sync with the Podfile.lock. Run 'pod install' or update your CocoaPods installation.\nEOM\n    exit 1\nfi\n";
			showEnvVarsInLog = 0;
		};
/* End PBXShellScriptBuildPhase section */

/* Begin PBXSourcesBuildPhase section */
		643859811CA727CD00BE70FF /* Sources */ = {
			isa = PBXSourcesBuildPhase;
			buildActionMask = 2147483647;
			files = (
				64B9A0301D16F8BD00C6ABBE /* FontSettings.swift in Sources */,
				640C57F61CEB2D9100845807 /* UITableView+RowConvenience.swift in Sources */,
				6438598D1CA727CD00BE70FF /* AppDelegate.m in Sources */,
				64E5A44B1DE8AAD3008B1786 /* FontList.swift in Sources */,
				64725A591CFDC7740057AC4A /* SearchTableCell.swift in Sources */,
				64D8FBE01CA77B790082ADA8 /* Data.m in Sources */,
				64D8FBD71CA735F00082ADA8 /* SearchTable.m in Sources */,
				64D178D71DE758700068C33E /* Utils.swift in Sources */,
				64D8FBDD1CA7797C0082ADA8 /* Settings.m in Sources */,
				64E5A4561DE986EA008B1786 /* ColorList.swift in Sources */,
				6438598A1CA727CD00BE70FF /* main.m in Sources */,
				64F880081D0C4B73004E1B1E /* LanguagesTable.swift in Sources */,
				64D8FBDA1CA74BBC0082ADA8 /* SubViewController.m in Sources */,
				640C57F51CEB2D9100845807 /* KBTableView.swift in Sources */,
				6446B18B1CFDF21E00EA2D7F /* SuggestionsTable.swift in Sources */,
				649867031CF0748E00600DAE /* OROpenSubtitleDownloader.m in Sources */,
				64E5A4581DE98B8C008B1786 /* ColorCollection.swift in Sources */,
				64E5A4521DE97E68008B1786 /* FontColorCell.swift in Sources */,
				64E5A44D1DE8BD73008B1786 /* FontSizeCell.swift in Sources */,
			);
			runOnlyForDeploymentPostprocessing = 0;
		};
		6438599A1CA727CD00BE70FF /* Sources */ = {
			isa = PBXSourcesBuildPhase;
			buildActionMask = 2147483647;
			files = (
				643859A31CA727CD00BE70FF /* Subtle_SubtitlesTests.m in Sources */,
			);
			runOnlyForDeploymentPostprocessing = 0;
		};
		643859A51CA727CD00BE70FF /* Sources */ = {
			isa = PBXSourcesBuildPhase;
			buildActionMask = 2147483647;
			files = (
				643859AE1CA727CD00BE70FF /* Subtle_SubtitlesUITests.m in Sources */,
			);
			runOnlyForDeploymentPostprocessing = 0;
		};
/* End PBXSourcesBuildPhase section */

/* Begin PBXTargetDependency section */
		643859A01CA727CD00BE70FF /* PBXTargetDependency */ = {
			isa = PBXTargetDependency;
			target = 643859841CA727CD00BE70FF /* Subtle Subtitles */;
			targetProxy = 6438599F1CA727CD00BE70FF /* PBXContainerItemProxy */;
		};
		643859AB1CA727CD00BE70FF /* PBXTargetDependency */ = {
			isa = PBXTargetDependency;
			target = 643859841CA727CD00BE70FF /* Subtle Subtitles */;
			targetProxy = 643859AA1CA727CD00BE70FF /* PBXContainerItemProxy */;
		};
/* End PBXTargetDependency section */

/* Begin PBXVariantGroup section */
		64167DC01CED371A0046B60D /* Localizable.strings */ = {
			isa = PBXVariantGroup;
			children = (
				64167DBF1CED371A0046B60D /* Base */,
				64167DC11CED37330046B60D /* fr */,
			);
			name = Localizable.strings;
			sourceTree = "<group>";
		};
		643859911CA727CD00BE70FF /* Main.storyboard */ = {
			isa = PBXVariantGroup;
			children = (
				643859921CA727CD00BE70FF /* Base */,
				64167DBA1CED30AF0046B60D /* fr */,
			);
			name = Main.storyboard;
			sourceTree = "<group>";
		};
		643859961CA727CD00BE70FF /* LaunchScreen.storyboard */ = {
			isa = PBXVariantGroup;
			children = (
				643859971CA727CD00BE70FF /* Base */,
				64167DBB1CED30AF0046B60D /* fr */,
			);
			name = LaunchScreen.storyboard;
			sourceTree = "<group>";
		};
		6498670A1CF0BFC500600DAE /* Localizable.stringsdict */ = {
			isa = PBXVariantGroup;
			children = (
				649867091CF0BFC500600DAE /* Base */,
				6498670C1CF0BFF400600DAE /* fr */,
			);
			name = Localizable.stringsdict;
			sourceTree = "<group>";
		};
/* End PBXVariantGroup section */

/* Begin XCBuildConfiguration section */
		643859B01CA727CD00BE70FF /* Debug */ = {
			isa = XCBuildConfiguration;
			buildSettings = {
				ALWAYS_SEARCH_USER_PATHS = NO;
				CLANG_ANALYZER_LOCALIZABILITY_NONLOCALIZED = YES;
				CLANG_ANALYZER_NONNULL = YES;
				CLANG_CXX_LANGUAGE_STANDARD = "gnu++0x";
				CLANG_CXX_LIBRARY = "libc++";
				CLANG_ENABLE_MODULES = YES;
				CLANG_ENABLE_OBJC_ARC = YES;
				CLANG_WARN_BOOL_CONVERSION = YES;
				CLANG_WARN_CONSTANT_CONVERSION = YES;
				CLANG_WARN_DIRECT_OBJC_ISA_USAGE = YES_ERROR;
				CLANG_WARN_EMPTY_BODY = YES;
				CLANG_WARN_ENUM_CONVERSION = YES;
				CLANG_WARN_INFINITE_RECURSION = YES;
				CLANG_WARN_INT_CONVERSION = YES;
				CLANG_WARN_OBJC_ROOT_CLASS = YES_ERROR;
				CLANG_WARN_SUSPICIOUS_MOVE = YES;
				CLANG_WARN_UNREACHABLE_CODE = YES;
				CLANG_WARN__DUPLICATE_METHOD_MATCH = YES;
				"CODE_SIGN_IDENTITY[sdk=iphoneos*]" = "iPhone Developer";
				COPY_PHASE_STRIP = NO;
				DEBUG_INFORMATION_FORMAT = dwarf;
				ENABLE_STRICT_OBJC_MSGSEND = YES;
				ENABLE_TESTABILITY = YES;
				GCC_C_LANGUAGE_STANDARD = gnu99;
				GCC_DYNAMIC_NO_PIC = NO;
				GCC_NO_COMMON_BLOCKS = YES;
				GCC_OPTIMIZATION_LEVEL = 0;
				GCC_PREPROCESSOR_DEFINITIONS = (
					"DEBUG=1",
					"$(inherited)",
				);
				GCC_WARN_64_TO_32_BIT_CONVERSION = YES;
				GCC_WARN_ABOUT_RETURN_TYPE = YES_ERROR;
				GCC_WARN_UNDECLARED_SELECTOR = YES;
				GCC_WARN_UNINITIALIZED_AUTOS = YES_AGGRESSIVE;
				GCC_WARN_UNUSED_FUNCTION = YES;
				GCC_WARN_UNUSED_VARIABLE = YES;
				IPHONEOS_DEPLOYMENT_TARGET = 9.3;
				MTL_ENABLE_DEBUG_INFO = YES;
				ONLY_ACTIVE_ARCH = YES;
				SDKROOT = iphoneos;
				TARGETED_DEVICE_FAMILY = "1,2";
			};
			name = Debug;
		};
		643859B11CA727CD00BE70FF /* Release */ = {
			isa = XCBuildConfiguration;
			buildSettings = {
				ALWAYS_SEARCH_USER_PATHS = NO;
				CLANG_ANALYZER_LOCALIZABILITY_NONLOCALIZED = YES;
				CLANG_ANALYZER_NONNULL = YES;
				CLANG_CXX_LANGUAGE_STANDARD = "gnu++0x";
				CLANG_CXX_LIBRARY = "libc++";
				CLANG_ENABLE_MODULES = YES;
				CLANG_ENABLE_OBJC_ARC = YES;
				CLANG_WARN_BOOL_CONVERSION = YES;
				CLANG_WARN_CONSTANT_CONVERSION = YES;
				CLANG_WARN_DIRECT_OBJC_ISA_USAGE = YES_ERROR;
				CLANG_WARN_EMPTY_BODY = YES;
				CLANG_WARN_ENUM_CONVERSION = YES;
				CLANG_WARN_INFINITE_RECURSION = YES;
				CLANG_WARN_INT_CONVERSION = YES;
				CLANG_WARN_OBJC_ROOT_CLASS = YES_ERROR;
				CLANG_WARN_SUSPICIOUS_MOVE = YES;
				CLANG_WARN_UNREACHABLE_CODE = YES;
				CLANG_WARN__DUPLICATE_METHOD_MATCH = YES;
				"CODE_SIGN_IDENTITY[sdk=iphoneos*]" = "iPhone Developer";
				COPY_PHASE_STRIP = NO;
				DEBUG_INFORMATION_FORMAT = "dwarf-with-dsym";
				ENABLE_NS_ASSERTIONS = NO;
				ENABLE_STRICT_OBJC_MSGSEND = YES;
				GCC_C_LANGUAGE_STANDARD = gnu99;
				GCC_NO_COMMON_BLOCKS = YES;
				GCC_WARN_64_TO_32_BIT_CONVERSION = YES;
				GCC_WARN_ABOUT_RETURN_TYPE = YES_ERROR;
				GCC_WARN_UNDECLARED_SELECTOR = YES;
				GCC_WARN_UNINITIALIZED_AUTOS = YES_AGGRESSIVE;
				GCC_WARN_UNUSED_FUNCTION = YES;
				GCC_WARN_UNUSED_VARIABLE = YES;
				IPHONEOS_DEPLOYMENT_TARGET = 9.3;
				MTL_ENABLE_DEBUG_INFO = NO;
				SDKROOT = iphoneos;
				SWIFT_OPTIMIZATION_LEVEL = "-Owholemodule";
				TARGETED_DEVICE_FAMILY = "1,2";
				VALIDATE_PRODUCT = YES;
			};
			name = Release;
		};
		643859B31CA727CD00BE70FF /* Debug */ = {
			isa = XCBuildConfiguration;
			baseConfigurationReference = B79DB9A993CFABDFDEC83183 /* Pods-Subtle Subtitles.debug.xcconfig */;
			buildSettings = {
				ALWAYS_EMBED_SWIFT_STANDARD_LIBRARIES = YES;
				ASSETCATALOG_COMPILER_APPICON_NAME = AppIcon;
				CLANG_ENABLE_MODULES = YES;
				CODE_SIGN_IDENTITY = "";
				"CODE_SIGN_IDENTITY[sdk=iphoneos*]" = "iPhone Developer";
				DEFINES_MODULE = YES;
				INFOPLIST_FILE = "Subtle Subtitles/Info.plist";
				IPHONEOS_DEPLOYMENT_TARGET = 8.1;
				LD_RUNPATH_SEARCH_PATHS = "$(inherited) @executable_path/Frameworks";
				PRODUCT_BUNDLE_IDENTIFIER = "com.tomn.Subtle-Subtitles";
				PRODUCT_NAME = "$(TARGET_NAME)";
				SWIFT_OBJC_BRIDGING_HEADER = "Subtle Subtitles/Subtle Subtitles-Bridging-Header.h";
				SWIFT_OPTIMIZATION_LEVEL = "-Onone";
				SWIFT_VERSION = 3.0;
			};
			name = Debug;
		};
		643859B41CA727CD00BE70FF /* Release */ = {
			isa = XCBuildConfiguration;
			baseConfigurationReference = 14A21A5223DC81250582489D /* Pods-Subtle Subtitles.release.xcconfig */;
			buildSettings = {
				ALWAYS_EMBED_SWIFT_STANDARD_LIBRARIES = YES;
				ASSETCATALOG_COMPILER_APPICON_NAME = AppIcon;
				CLANG_ENABLE_MODULES = YES;
				CODE_SIGN_IDENTITY = "";
				"CODE_SIGN_IDENTITY[sdk=iphoneos*]" = "iPhone Distribution";
				DEFINES_MODULE = YES;
				INFOPLIST_FILE = "Subtle Subtitles/Info.plist";
				IPHONEOS_DEPLOYMENT_TARGET = 8.1;
				LD_RUNPATH_SEARCH_PATHS = "$(inherited) @executable_path/Frameworks";
				PRODUCT_BUNDLE_IDENTIFIER = "com.tomn.Subtle-Subtitles";
				PRODUCT_NAME = "$(TARGET_NAME)";
				SWIFT_OBJC_BRIDGING_HEADER = "Subtle Subtitles/Subtle Subtitles-Bridging-Header.h";
				SWIFT_VERSION = 3.0;
			};
			name = Release;
		};
		643859B61CA727CD00BE70FF /* Debug */ = {
			isa = XCBuildConfiguration;
			buildSettings = {
				BUNDLE_LOADER = "$(TEST_HOST)";
				INFOPLIST_FILE = "Subtle SubtitlesTests/Info.plist";
				LD_RUNPATH_SEARCH_PATHS = "$(inherited) @executable_path/Frameworks @loader_path/Frameworks";
				PRODUCT_BUNDLE_IDENTIFIER = "com.tramigoapp.tomn.Subtle-SubtitlesTests";
				PRODUCT_NAME = "$(TARGET_NAME)";
				TEST_HOST = "$(BUILT_PRODUCTS_DIR)/Subtle Subtitles.app/Subtle Subtitles";
			};
			name = Debug;
		};
		643859B71CA727CD00BE70FF /* Release */ = {
			isa = XCBuildConfiguration;
			buildSettings = {
				BUNDLE_LOADER = "$(TEST_HOST)";
				INFOPLIST_FILE = "Subtle SubtitlesTests/Info.plist";
				LD_RUNPATH_SEARCH_PATHS = "$(inherited) @executable_path/Frameworks @loader_path/Frameworks";
				PRODUCT_BUNDLE_IDENTIFIER = "com.tramigoapp.tomn.Subtle-SubtitlesTests";
				PRODUCT_NAME = "$(TARGET_NAME)";
				TEST_HOST = "$(BUILT_PRODUCTS_DIR)/Subtle Subtitles.app/Subtle Subtitles";
			};
			name = Release;
		};
		643859B91CA727CD00BE70FF /* Debug */ = {
			isa = XCBuildConfiguration;
			buildSettings = {
				CLANG_ENABLE_MODULES = YES;
				INFOPLIST_FILE = "Subtle SubtitlesUITests/Info.plist";
				LD_RUNPATH_SEARCH_PATHS = "$(inherited) @executable_path/Frameworks @loader_path/Frameworks";
				PRODUCT_BUNDLE_IDENTIFIER = "com.tramigoapp.tomn.Subtle-SubtitlesUITests";
				PRODUCT_NAME = "$(TARGET_NAME)";
				SWIFT_OBJC_BRIDGING_HEADER = "Subtle SubtitlesTests/Subtle SubtitlesUITests-Bridging-Header.h";
				SWIFT_OPTIMIZATION_LEVEL = "-Onone";
				TEST_TARGET_NAME = "Subtle Subtitles";
			};
			name = Debug;
		};
		643859BA1CA727CD00BE70FF /* Release */ = {
			isa = XCBuildConfiguration;
			buildSettings = {
				CLANG_ENABLE_MODULES = YES;
				INFOPLIST_FILE = "Subtle SubtitlesUITests/Info.plist";
				LD_RUNPATH_SEARCH_PATHS = "$(inherited) @executable_path/Frameworks @loader_path/Frameworks";
				PRODUCT_BUNDLE_IDENTIFIER = "com.tramigoapp.tomn.Subtle-SubtitlesUITests";
				PRODUCT_NAME = "$(TARGET_NAME)";
				SWIFT_OBJC_BRIDGING_HEADER = "Subtle SubtitlesTests/Subtle SubtitlesUITests-Bridging-Header.h";
				TEST_TARGET_NAME = "Subtle Subtitles";
			};
			name = Release;
		};
/* End XCBuildConfiguration section */

/* Begin XCConfigurationList section */
		643859801CA727CD00BE70FF /* Build configuration list for PBXProject "Subtle Subtitles" */ = {
			isa = XCConfigurationList;
			buildConfigurations = (
				643859B01CA727CD00BE70FF /* Debug */,
				643859B11CA727CD00BE70FF /* Release */,
			);
			defaultConfigurationIsVisible = 0;
			defaultConfigurationName = Release;
		};
		643859B21CA727CD00BE70FF /* Build configuration list for PBXNativeTarget "Subtle Subtitles" */ = {
			isa = XCConfigurationList;
			buildConfigurations = (
				643859B31CA727CD00BE70FF /* Debug */,
				643859B41CA727CD00BE70FF /* Release */,
			);
			defaultConfigurationIsVisible = 0;
			defaultConfigurationName = Release;
		};
		643859B51CA727CD00BE70FF /* Build configuration list for PBXNativeTarget "Subtle SubtitlesTests" */ = {
			isa = XCConfigurationList;
			buildConfigurations = (
				643859B61CA727CD00BE70FF /* Debug */,
				643859B71CA727CD00BE70FF /* Release */,
			);
			defaultConfigurationIsVisible = 0;
			defaultConfigurationName = Release;
		};
		643859B81CA727CD00BE70FF /* Build configuration list for PBXNativeTarget "Subtle SubtitlesUITests" */ = {
			isa = XCConfigurationList;
			buildConfigurations = (
				643859B91CA727CD00BE70FF /* Debug */,
				643859BA1CA727CD00BE70FF /* Release */,
			);
			defaultConfigurationIsVisible = 0;
			defaultConfigurationName = Release;
		};
/* End XCConfigurationList section */
	};
	rootObject = 6438597D1CA727CD00BE70FF /* Project object */;
}
